
Microsoft Visual Studio Solution File, Format Version 12.00
# Visual Studio 14
VisualStudioVersion = 14.0.24720.0
MinimumVisualStudioVersion = 10.0.40219.1
Project("{FAE04EC0-301F-11D3-BF4B-00C04F79EFBC}") = "mint.models", "mint.models\mint.models.csproj", "{5C1325F9-64F5-4757-B16F-9A0A35481347}"
EndProject
Project("{FAE04EC0-301F-11D3-BF4B-00C04F79EFBC}") = "mint.data", "mint.data\mint.data.csproj", "{906C8F90-1A78-4612-9193-125692675769}"
EndProject
Project("{2150E333-8FDC-42A3-9474-1A3956D46DE8}") = "services", "services", "{E258BBA2-D920-451F-AE62-7A2D1E47B622}"
EndProject
Project("{FAE04EC0-301F-11D3-BF4B-00C04F79EFBC}") = "mint.services.dataman", "mint.services\mint.services.dataman\mint.services.dataman.csproj", "{B3FC6309-61F7-4019-8735-10B4C513E411}"
EndProject
Project("{FAE04EC0-301F-11D3-BF4B-00C04F79EFBC}") = "mint.services.gui", "mint.services\mint.services.gui\mint.services.gui.csproj", "{FCAAA269-0F45-4E34-A156-FE2DA9F32BAD}"
EndProject
Project("{FAE04EC0-301F-11D3-BF4B-00C04F79EFBC}") = "mint.services.dataman.tests", "mint.services\mint.services.dataman.tests\mint.services.dataman.tests.csproj", "{2DC55859-FD9D-4F39-A089-15E77C4D2F57}"
EndProject
Project("{FAE04EC0-301F-11D3-BF4B-00C04F79EFBC}") = "mint.services.gui.tests", "mint.services\mint.services.gui.tests\mint.services.gui.tests.csproj", "{2EBD06E7-E80D-4151-80BD-F891DF508BCC}"
EndProject
Project("{FAE04EC0-301F-11D3-BF4B-00C04F79EFBC}") = "mint.services.calc", "mint.services\mint.services.calc\mint.services.calc.csproj", "{92F916BD-F07F-4E92-9220-FCD5AD2197B0}"
EndProject
Project("{FAE04EC0-301F-11D3-BF4B-00C04F79EFBC}") = "mint.services.calc.tests", "mint.services\mint.services.calc.tests\mint.services.calc.tests.csproj", "{D4307CE3-2203-4635-A157-D1327419102D}"
EndProject
Project("{2150E333-8FDC-42A3-9474-1A3956D46DE8}") = "utils", "utils", "{84ACAC51-D649-4C53-AE3E-C4864D3F7664}"
EndProject
Project("{FAE04EC0-301F-11D3-BF4B-00C04F79EFBC}") = "mint.utilities.dataloader", "mint.utilities\mint.utilities.dataloader\mint.utilities.dataloader.csproj", "{B24F837A-4B21-403B-957E-806A30B960B4}"
EndProject
Project("{FAE04EC0-301F-11D3-BF4B-00C04F79EFBC}") = "mint.data.tests", "mint.data.tests\mint.data.tests.csproj", "{A6CD3DD1-16A2-4CF0-B8F2-A260269BB22D}"
EndProject
Project("{2150E333-8FDC-42A3-9474-1A3956D46DE8}") = "Solution Items", "Solution Items", "{AC216056-0457-4576-BF50-4360EAFF50FB}"
	ProjectSection(SolutionItems) = preProject
		Input data\amazon.xml = Input data\amazon.xml
		Input data\apple.xml = Input data\apple.xml
		Input data\ebay.xml = Input data\ebay.xml
		Input data\facebook.xml = Input data\facebook.xml
		Input data\google.xml = Input data\google.xml
		Input data\ibm.xml = Input data\ibm.xml
		Input data\intel.xml = Input data\intel.xml
		Input data\microsoft.xml = Input data\microsoft.xml
		Input data\paypal.xml = Input data\paypal.xml
		Input data\yahoo.xml = Input data\yahoo.xml
	EndProjectSection
EndProject
Project("{2150E333-8FDC-42A3-9474-1A3956D46DE8}") = "Input Data", "Input Data", "{1E81D1DB-44B6-4A98-A77E-F9C49E33B5FF}"
	ProjectSection(SolutionItems) = preProject
		Input data\amazon.xml = Input data\amazon.xml
		Input data\apple.xml = Input data\apple.xml
		Input data\ebay.xml = Input data\ebay.xml
		Input data\facebook.xml = Input data\facebook.xml
		Input data\google.xml = Input data\google.xml
		Input data\ibm.xml = Input data\ibm.xml
		Input data\intel.xml = Input data\intel.xml
		Input data\microsoft.xml = Input data\microsoft.xml
		Input data\paypal.xml = Input data\paypal.xml
		Input data\yahoo.xml = Input data\yahoo.xml
	EndProjectSection
EndProject
Project("{FAE04EC0-301F-11D3-BF4B-00C04F79EFBC}") = "mint.services.host", "mint.services\mint.services.host\mint.services.host.csproj", "{BA718F99-A1FD-487E-8B18-E8C71E24725B}"
EndProject
Project("{FAE04EC0-301F-11D3-BF4B-00C04F79EFBC}") = "mint.utilities.pathfinder", "mint.utilities\mint.utilities.pathfinder\mint.utilities.pathfinder.csproj", "{4F9D172A-2C45-4A52-A113-EE33E40AC601}"
EndProject
Global
	GlobalSection(SolutionConfigurationPlatforms) = preSolution
		Debug|Any CPU = Debug|Any CPU
		Release|Any CPU = Release|Any CPU
	EndGlobalSection
	GlobalSection(ProjectConfigurationPlatforms) = postSolution
		{5C1325F9-64F5-4757-B16F-9A0A35481347}.Debug|Any CPU.ActiveCfg = Debug|Any CPU
		{5C1325F9-64F5-4757-B16F-9A0A35481347}.Debug|Any CPU.Build.0 = Debug|Any CPU
		{5C1325F9-64F5-4757-B16F-9A0A35481347}.Release|Any CPU.ActiveCfg = Release|Any CPU
		{5C1325F9-64F5-4757-B16F-9A0A35481347}.Release|Any CPU.Build.0 = Release|Any CPU
		{906C8F90-1A78-4612-9193-125692675769}.Debug|Any CPU.ActiveCfg = Debug|Any CPU
		{906C8F90-1A78-4612-9193-125692675769}.Debug|Any CPU.Build.0 = Debug|Any CPU
		{906C8F90-1A78-4612-9193-125692675769}.Release|Any CPU.ActiveCfg = Release|Any CPU
		{906C8F90-1A78-4612-9193-125692675769}.Release|Any CPU.Build.0 = Release|Any CPU
		{B3FC6309-61F7-4019-8735-10B4C513E411}.Debug|Any CPU.ActiveCfg = Debug|Any CPU
		{B3FC6309-61F7-4019-8735-10B4C513E411}.Debug|Any CPU.Build.0 = Debug|Any CPU
		{B3FC6309-61F7-4019-8735-10B4C513E411}.Release|Any CPU.ActiveCfg = Release|Any CPU
		{B3FC6309-61F7-4019-8735-10B4C513E411}.Release|Any CPU.Build.0 = Release|Any CPU
		{FCAAA269-0F45-4E34-A156-FE2DA9F32BAD}.Debug|Any CPU.ActiveCfg = Debug|Any CPU
		{FCAAA269-0F45-4E34-A156-FE2DA9F32BAD}.Debug|Any CPU.Build.0 = Debug|Any CPU
		{FCAAA269-0F45-4E34-A156-FE2DA9F32BAD}.Release|Any CPU.ActiveCfg = Release|Any CPU
		{FCAAA269-0F45-4E34-A156-FE2DA9F32BAD}.Release|Any CPU.Build.0 = Release|Any CPU
		{2DC55859-FD9D-4F39-A089-15E77C4D2F57}.Debug|Any CPU.ActiveCfg = Debug|Any CPU
		{2DC55859-FD9D-4F39-A089-15E77C4D2F57}.Debug|Any CPU.Build.0 = Debug|Any CPU
		{2DC55859-FD9D-4F39-A089-15E77C4D2F57}.Release|Any CPU.ActiveCfg = Release|Any CPU
		{2DC55859-FD9D-4F39-A089-15E77C4D2F57}.Release|Any CPU.Build.0 = Release|Any CPU
		{2EBD06E7-E80D-4151-80BD-F891DF508BCC}.Debug|Any CPU.ActiveCfg = Debug|Any CPU
		{2EBD06E7-E80D-4151-80BD-F891DF508BCC}.Debug|Any CPU.Build.0 = Debug|Any CPU
		{2EBD06E7-E80D-4151-80BD-F891DF508BCC}.Release|Any CPU.ActiveCfg = Release|Any CPU
		{2EBD06E7-E80D-4151-80BD-F891DF508BCC}.Release|Any CPU.Build.0 = Release|Any CPU
		{92F916BD-F07F-4E92-9220-FCD5AD2197B0}.Debug|Any CPU.ActiveCfg = Debug|Any CPU
		{92F916BD-F07F-4E92-9220-FCD5AD2197B0}.Debug|Any CPU.Build.0 = Debug|Any CPU
		{92F916BD-F07F-4E92-9220-FCD5AD2197B0}.Release|Any CPU.ActiveCfg = Release|Any CPU
		{92F916BD-F07F-4E92-9220-FCD5AD2197B0}.Release|Any CPU.Build.0 = Release|Any CPU
		{D4307CE3-2203-4635-A157-D1327419102D}.Debug|Any CPU.ActiveCfg = Debug|Any CPU
		{D4307CE3-2203-4635-A157-D1327419102D}.Debug|Any CPU.Build.0 = Debug|Any CPU
		{D4307CE3-2203-4635-A157-D1327419102D}.Release|Any CPU.ActiveCfg = Release|Any CPU
		{D4307CE3-2203-4635-A157-D1327419102D}.Release|Any CPU.Build.0 = Release|Any CPU
		{B24F837A-4B21-403B-957E-806A30B960B4}.Debug|Any CPU.ActiveCfg = Debug|Any CPU
		{B24F837A-4B21-403B-957E-806A30B960B4}.Debug|Any CPU.Build.0 = Debug|Any CPU
		{B24F837A-4B21-403B-957E-806A30B960B4}.Release|Any CPU.ActiveCfg = Release|Any CPU
		{B24F837A-4B21-403B-957E-806A30B960B4}.Release|Any CPU.Build.0 = Release|Any CPU
		{A6CD3DD1-16A2-4CF0-B8F2-A260269BB22D}.Debug|Any CPU.ActiveCfg = Debug|Any CPU
		{A6CD3DD1-16A2-4CF0-B8F2-A260269BB22D}.Debug|Any CPU.Build.0 = Debug|Any CPU
		{A6CD3DD1-16A2-4CF0-B8F2-A260269BB22D}.Release|Any CPU.ActiveCfg = Release|Any CPU
		{A6CD3DD1-16A2-4CF0-B8F2-A260269BB22D}.Release|Any CPU.Build.0 = Release|Any CPU
		{BA718F99-A1FD-487E-8B18-E8C71E24725B}.Debug|Any CPU.ActiveCfg = Debug|Any CPU
		{BA718F99-A1FD-487E-8B18-E8C71E24725B}.Debug|Any CPU.Build.0 = Debug|Any CPU
		{BA718F99-A1FD-487E-8B18-E8C71E24725B}.Release|Any CPU.ActiveCfg = Release|Any CPU
		{BA718F99-A1FD-487E-8B18-E8C71E24725B}.Release|Any CPU.Build.0 = Release|Any CPU
		{4F9D172A-2C45-4A52-A113-EE33E40AC601}.Debug|Any CPU.ActiveCfg = Debug|Any CPU
		{4F9D172A-2C45-4A52-A113-EE33E40AC601}.Debug|Any CPU.Build.0 = Debug|Any CPU
		{4F9D172A-2C45-4A52-A113-EE33E40AC601}.Release|Any CPU.ActiveCfg = Release|Any CPU
		{4F9D172A-2C45-4A52-A113-EE33E40AC601}.Release|Any CPU.Build.0 = Release|Any CPU
	EndGlobalSection
	GlobalSection(SolutionProperties) = preSolution
		HideSolutionNode = FALSE
	EndGlobalSection
	GlobalSection(NestedProjects) = preSolution
		{B3FC6309-61F7-4019-8735-10B4C513E411} = {E258BBA2-D920-451F-AE62-7A2D1E47B622}
		{FCAAA269-0F45-4E34-A156-FE2DA9F32BAD} = {E258BBA2-D920-451F-AE62-7A2D1E47B622}
		{2DC55859-FD9D-4F39-A089-15E77C4D2F57} = {E258BBA2-D920-451F-AE62-7A2D1E47B622}
		{2EBD06E7-E80D-4151-80BD-F891DF508BCC} = {E258BBA2-D920-451F-AE62-7A2D1E47B622}
		{92F916BD-F07F-4E92-9220-FCD5AD2197B0} = {E258BBA2-D920-451F-AE62-7A2D1E47B622}
		{D4307CE3-2203-4635-A157-D1327419102D} = {E258BBA2-D920-451F-AE62-7A2D1E47B622}
		{B24F837A-4B21-403B-957E-806A30B960B4} = {84ACAC51-D649-4C53-AE3E-C4864D3F7664}
		{BA718F99-A1FD-487E-8B18-E8C71E24725B} = {E258BBA2-D920-451F-AE62-7A2D1E47B622}
		{4F9D172A-2C45-4A52-A113-EE33E40AC601} = {84ACAC51-D649-4C53-AE3E-C4864D3F7664}
	EndGlobalSection
EndGlobal
